// !$*UTF8*$!
{
	archiveVersion = 1;
	classes = {
	};
	objectVersion = 55;
	objects = {

/* Begin PBXBuildFile section */
		01559F7CEA7D0C9CDD31A7AD /* Pods_FbloggigAccount.framework in Frameworks */ = {isa = PBXBuildFile; fileRef = F67EFC49F2A325F1D25BB1A8 /* Pods_FbloggigAccount.framework */; };
		A6CEDDF82796FFAD008CD0BD /* AppDelegate.swift in Sources */ = {isa = PBXBuildFile; fileRef = A6CEDDF72796FFAD008CD0BD /* AppDelegate.swift */; };
		A6CEDDFA2796FFAD008CD0BD /* SceneDelegate.swift in Sources */ = {isa = PBXBuildFile; fileRef = A6CEDDF92796FFAD008CD0BD /* SceneDelegate.swift */; };
		A6CEDDFC2796FFAD008CD0BD /* ViewController.swift in Sources */ = {isa = PBXBuildFile; fileRef = A6CEDDFB2796FFAD008CD0BD /* ViewController.swift */; };
		A6CEDDFF2796FFAD008CD0BD /* Main.storyboard in Resources */ = {isa = PBXBuildFile; fileRef = A6CEDDFD2796FFAD008CD0BD /* Main.storyboard */; };
		A6CEDE012796FFAE008CD0BD /* Assets.xcassets in Resources */ = {isa = PBXBuildFile; fileRef = A6CEDE002796FFAE008CD0BD /* Assets.xcassets */; };
		A6CEDE042796FFAE008CD0BD /* LaunchScreen.storyboard in Resources */ = {isa = PBXBuildFile; fileRef = A6CEDE022796FFAE008CD0BD /* LaunchScreen.storyboard */; };
		A6CEDE0E279711B8008CD0BD /* getdata.swift in Sources */ = {isa = PBXBuildFile; fileRef = A6CEDE0D279711B8008CD0BD /* getdata.swift */; };
		A6CEDE112797120D008CD0BD /* DataTableViewCell.swift in Sources */ = {isa = PBXBuildFile; fileRef = A6CEDE0F2797120D008CD0BD /* DataTableViewCell.swift */; };
		A6CEDE122797120D008CD0BD /* DataTableViewCell.xib in Resources */ = {isa = PBXBuildFile; fileRef = A6CEDE102797120D008CD0BD /* DataTableViewCell.xib */; };
		A6CEDE1427971BEA008CD0BD /* LoadDataViewController.swift in Sources */ = {isa = PBXBuildFile; fileRef = A6CEDE1327971BEA008CD0BD /* LoadDataViewController.swift */; };
		A6CEDE1627975FF6008CD0BD /* DetailViewController.swift in Sources */ = {isa = PBXBuildFile; fileRef = A6CEDE1527975FF6008CD0BD /* DetailViewController.swift */; };
		A6CEDE182797746F008CD0BD /* GoogleMapViewController.swift in Sources */ = {isa = PBXBuildFile; fileRef = A6CEDE172797746F008CD0BD /* GoogleMapViewController.swift */; };
/* End PBXBuildFile section */

/* Begin PBXFileReference section */
		6109B4B0289E9E9E6C62C88A /* Pods-FbloggigAccount.debug.xcconfig */ = {isa = PBXFileReference; includeInIndex = 1; lastKnownFileType = text.xcconfig; name = "Pods-FbloggigAccount.debug.xcconfig"; path = "Target Support Files/Pods-FbloggigAccount/Pods-FbloggigAccount.debug.xcconfig"; sourceTree = "<group>"; };
		8E1FD7F93A23D8266D00DBEB /* Pods-FbloggigAccount.release.xcconfig */ = {isa = PBXFileReference; includeInIndex = 1; lastKnownFileType = text.xcconfig; name = "Pods-FbloggigAccount.release.xcconfig"; path = "Target Support Files/Pods-FbloggigAccount/Pods-FbloggigAccount.release.xcconfig"; sourceTree = "<group>"; };
		A6CEDDF42796FFAD008CD0BD /* FbloggigAccount.app */ = {isa = PBXFileReference; explicitFileType = wrapper.application; includeInIndex = 0; path = FbloggigAccount.app; sourceTree = BUILT_PRODUCTS_DIR; };
		A6CEDDF72796FFAD008CD0BD /* AppDelegate.swift */ = {isa = PBXFileReference; lastKnownFileType = sourcecode.swift; path = AppDelegate.swift; sourceTree = "<group>"; };
		A6CEDDF92796FFAD008CD0BD /* SceneDelegate.swift */ = {isa = PBXFileReference; lastKnownFileType = sourcecode.swift; path = SceneDelegate.swift; sourceTree = "<group>"; };
		A6CEDDFB2796FFAD008CD0BD /* ViewController.swift */ = {isa = PBXFileReference; lastKnownFileType = sourcecode.swift; path = ViewController.swift; sourceTree = "<group>"; };
		A6CEDDFE2796FFAD008CD0BD /* Base */ = {isa = PBXFileReference; lastKnownFileType = file.storyboard; name = Base; path = Base.lproj/Main.storyboard; sourceTree = "<group>"; };
		A6CEDE002796FFAE008CD0BD /* Assets.xcassets */ = {isa = PBXFileReference; lastKnownFileType = folder.assetcatalog; path = Assets.xcassets; sourceTree = "<group>"; };
		A6CEDE032796FFAE008CD0BD /* Base */ = {isa = PBXFileReference; lastKnownFileType = file.storyboard; name = Base; path = Base.lproj/LaunchScreen.storyboard; sourceTree = "<group>"; };
		A6CEDE052796FFAE008CD0BD /* Info.plist */ = {isa = PBXFileReference; lastKnownFileType = text.plist.xml; path = Info.plist; sourceTree = "<group>"; };
		A6CEDE0D279711B8008CD0BD /* getdata.swift */ = {isa = PBXFileReference; lastKnownFileType = sourcecode.swift; path = getdata.swift; sourceTree = "<group>"; };
		A6CEDE0F2797120D008CD0BD /* DataTableViewCell.swift */ = {isa = PBXFileReference; lastKnownFileType = sourcecode.swift; path = DataTableViewCell.swift; sourceTree = "<group>"; };
		A6CEDE102797120D008CD0BD /* DataTableViewCell.xib */ = {isa = PBXFileReference; lastKnownFileType = file.xib; path = DataTableViewCell.xib; sourceTree = "<group>"; };
		A6CEDE1327971BEA008CD0BD /* LoadDataViewController.swift */ = {isa = PBXFileReference; lastKnownFileType = sourcecode.swift; path = LoadDataViewController.swift; sourceTree = "<group>"; };
		A6CEDE1527975FF6008CD0BD /* DetailViewController.swift */ = {isa = PBXFileReference; lastKnownFileType = sourcecode.swift; path = DetailViewController.swift; sourceTree = "<group>"; };
		A6CEDE172797746F008CD0BD /* GoogleMapViewController.swift */ = {isa = PBXFileReference; lastKnownFileType = sourcecode.swift; path = GoogleMapViewController.swift; sourceTree = "<group>"; };
		F67EFC49F2A325F1D25BB1A8 /* Pods_FbloggigAccount.framework */ = {isa = PBXFileReference; explicitFileType = wrapper.framework; includeInIndex = 0; path = Pods_FbloggigAccount.framework; sourceTree = BUILT_PRODUCTS_DIR; };
/* End PBXFileReference section */

/* Begin PBXFrameworksBuildPhase section */
		A6CEDDF12796FFAD008CD0BD /* Frameworks */ = {
			isa = PBXFrameworksBuildPhase;
			buildActionMask = 2147483647;
			files = (
				01559F7CEA7D0C9CDD31A7AD /* Pods_FbloggigAccount.framework in Frameworks */,
			);
			runOnlyForDeploymentPostprocessing = 0;
		};
/* End PBXFrameworksBuildPhase section */

/* Begin PBXGroup section */
		057E214F3C3B8DFB89483417 /* Pods */ = {
			isa = PBXGroup;
			children = (
				6109B4B0289E9E9E6C62C88A /* Pods-FbloggigAccount.debug.xcconfig */,
				8E1FD7F93A23D8266D00DBEB /* Pods-FbloggigAccount.release.xcconfig */,
			);
			path = Pods;
			sourceTree = "<group>";
		};
		5276B46F2C87C8495AEED0AA /* Frameworks */ = {
			isa = PBXGroup;
			children = (
				F67EFC49F2A325F1D25BB1A8 /* Pods_FbloggigAccount.framework */,
			);
			name = Frameworks;
			sourceTree = "<group>";
		};
		A6CEDDEB2796FFAD008CD0BD = {
			isa = PBXGroup;
			children = (
				A6CEDDF62796FFAD008CD0BD /* FbloggigAccount */,
				A6CEDDF52796FFAD008CD0BD /* Products */,
				057E214F3C3B8DFB89483417 /* Pods */,
				5276B46F2C87C8495AEED0AA /* Frameworks */,
			);
			sourceTree = "<group>";
		};
		A6CEDDF52796FFAD008CD0BD /* Products */ = {
			isa = PBXGroup;
			children = (
				A6CEDDF42796FFAD008CD0BD /* FbloggigAccount.app */,
			);
			name = Products;
			sourceTree = "<group>";
		};
		A6CEDDF62796FFAD008CD0BD /* FbloggigAccount */ = {
			isa = PBXGroup;
			children = (
				A6CEDDF72796FFAD008CD0BD /* AppDelegate.swift */,
				A6CEDDF92796FFAD008CD0BD /* SceneDelegate.swift */,
				A6CEDDFB2796FFAD008CD0BD /* ViewController.swift */,
				A6CEDDFD2796FFAD008CD0BD /* Main.storyboard */,
				A6CEDE002796FFAE008CD0BD /* Assets.xcassets */,
				A6CEDE022796FFAE008CD0BD /* LaunchScreen.storyboard */,
				A6CEDE052796FFAE008CD0BD /* Info.plist */,
				A6CEDE0D279711B8008CD0BD /* getdata.swift */,
				A6CEDE0F2797120D008CD0BD /* DataTableViewCell.swift */,
				A6CEDE102797120D008CD0BD /* DataTableViewCell.xib */,
				A6CEDE172797746F008CD0BD /* GoogleMapViewController.swift */,
				A6CEDE1527975FF6008CD0BD /* DetailViewController.swift */,
				A6CEDE1327971BEA008CD0BD /* LoadDataViewController.swift */,
			);
			path = FbloggigAccount;
			sourceTree = "<group>";
		};
/* End PBXGroup section */

/* Begin PBXNativeTarget section */
		A6CEDDF32796FFAD008CD0BD /* FbloggigAccount */ = {
			isa = PBXNativeTarget;
			buildConfigurationList = A6CEDE082796FFAE008CD0BD /* Build configuration list for PBXNativeTarget "FbloggigAccount" */;
			buildPhases = (
				E8BBAFFF7C1B1EE5FC6FC345 /* [CP] Check Pods Manifest.lock */,
				A6CEDDF02796FFAD008CD0BD /* Sources */,
				A6CEDDF12796FFAD008CD0BD /* Frameworks */,
				A6CEDDF22796FFAD008CD0BD /* Resources */,
				8CB32E3903CFE78D23F1CA4D /* [CP] Embed Pods Frameworks */,
				E0C2C85740D9716396639541 /* [CP] Copy Pods Resources */,
			);
			buildRules = (
			);
			dependencies = (
			);
			name = FbloggigAccount;
			productName = FbloggigAccount;
			productReference = A6CEDDF42796FFAD008CD0BD /* FbloggigAccount.app */;
			productType = "com.apple.product-type.application";
		};
/* End PBXNativeTarget section */

/* Begin PBXProject section */
		A6CEDDEC2796FFAD008CD0BD /* Project object */ = {
			isa = PBXProject;
			attributes = {
				BuildIndependentTargetsInParallel = 1;
				LastSwiftUpdateCheck = 1320;
				LastUpgradeCheck = 1320;
				TargetAttributes = {
					A6CEDDF32796FFAD008CD0BD = {
						CreatedOnToolsVersion = 13.2.1;
					};
				};
			};
			buildConfigurationList = A6CEDDEF2796FFAD008CD0BD /* Build configuration list for PBXProject "FbloggigAccount" */;
			compatibilityVersion = "Xcode 13.0";
			developmentRegion = en;
			hasScannedForEncodings = 0;
			knownRegions = (
				en,
				Base,
			);
			mainGroup = A6CEDDEB2796FFAD008CD0BD;
			productRefGroup = A6CEDDF52796FFAD008CD0BD /* Products */;
			projectDirPath = "";
			projectRoot = "";
			targets = (
				A6CEDDF32796FFAD008CD0BD /* FbloggigAccount */,
			);
		};
/* End PBXProject section */

/* Begin PBXResourcesBuildPhase section */
		A6CEDDF22796FFAD008CD0BD /* Resources */ = {
			isa = PBXResourcesBuildPhase;
			buildActionMask = 2147483647;
			files = (
				A6CEDE042796FFAE008CD0BD /* LaunchScreen.storyboard in Resources */,
				A6CEDE012796FFAE008CD0BD /* Assets.xcassets in Resources */,
				A6CEDDFF2796FFAD008CD0BD /* Main.storyboard in Resources */,
				A6CEDE122797120D008CD0BD /* DataTableViewCell.xib in Resources */,
			);
			runOnlyForDeploymentPostprocessing = 0;
		};
/* End PBXResourcesBuildPhase section */

/* Begin PBXShellScriptBuildPhase section */
		8CB32E3903CFE78D23F1CA4D /* [CP] Embed Pods Frameworks */ = {
			isa = PBXShellScriptBuildPhase;
			buildActionMask = 2147483647;
			files = (
			);
			inputFileListPaths = (
				"${PODS_ROOT}/Target Support Files/Pods-FbloggigAccount/Pods-FbloggigAccount-frameworks-${CONFIGURATION}-input-files.xcfilelist",
			);
			name = "[CP] Embed Pods Frameworks";
			outputFileListPaths = (
				"${PODS_ROOT}/Target Support Files/Pods-FbloggigAccount/Pods-FbloggigAccount-frameworks-${CONFIGURATION}-output-files.xcfilelist",
			);
			runOnlyForDeploymentPostprocessing = 0;
			shellPath = /bin/sh;
			shellScript = "\"${PODS_ROOT}/Target Support Files/Pods-FbloggigAccount/Pods-FbloggigAccount-frameworks.sh\"\n";
			showEnvVarsInLog = 0;
		};
		E0C2C85740D9716396639541 /* [CP] Copy Pods Resources */ = {
			isa = PBXShellScriptBuildPhase;
			buildActionMask = 2147483647;
			files = (
			);
			inputFileListPaths = (
				"${PODS_ROOT}/Target Support Files/Pods-FbloggigAccount/Pods-FbloggigAccount-resources-${CONFIGURATION}-input-files.xcfilelist",
			);
			name = "[CP] Copy Pods Resources";
			outputFileListPaths = (
				"${PODS_ROOT}/Target Support Files/Pods-FbloggigAccount/Pods-FbloggigAccount-resources-${CONFIGURATION}-output-files.xcfilelist",
			);
			runOnlyForDeploymentPostprocessing = 0;
			shellPath = /bin/sh;
			shellScript = "\"${PODS_ROOT}/Target Support Files/Pods-FbloggigAccount/Pods-FbloggigAccount-resources.sh\"\n";
			showEnvVarsInLog = 0;
		};
		E8BBAFFF7C1B1EE5FC6FC345 /* [CP] Check Pods Manifest.lock */ = {
			isa = PBXShellScriptBuildPhase;
			buildActionMask = 2147483647;
			files = (
			);
			inputFileListPaths = (
			);
			inputPaths = (
				"${PODS_PODFILE_DIR_PATH}/Podfile.lock",
				"${PODS_ROOT}/Manifest.lock",
			);
			name = "[CP] Check Pods Manifest.lock";
			outputFileListPaths = (
			);
			outputPaths = (
				"$(DERIVED_FILE_DIR)/Pods-FbloggigAccount-checkManifestLockResult.txt",
			);
			runOnlyForDeploymentPostprocessing = 0;
			shellPath = /bin/sh;
			shellScript = "diff \"${PODS_PODFILE_DIR_PATH}/Podfile.lock\" \"${PODS_ROOT}/Manifest.lock\" > /dev/null\nif [ $? != 0 ] ; then\n    # print error to STDERR\n    echo \"error: The sandbox is not in sync with the Podfile.lock. Run 'pod install' or update your CocoaPods installation.\" >&2\n    exit 1\nfi\n# This output is used by Xcode 'outputs' to avoid re-running this script phase.\necho \"SUCCESS\" > \"${SCRIPT_OUTPUT_FILE_0}\"\n";
			showEnvVarsInLog = 0;
		};
/* End PBXShellScriptBuildPhase section */

/* Begin PBXSourcesBuildPhase section */
		A6CEDDF02796FFAD008CD0BD /* Sources */ = {
			isa = PBXSourcesBuildPhase;
			buildActionMask = 2147483647;
			files = (
				A6CEDDFC2796FFAD008CD0BD /* ViewController.swift in Sources */,
				A6CEDE112797120D008CD0BD /* DataTableViewCell.swift in Sources */,
				A6CEDE182797746F008CD0BD /* GoogleMapViewController.swift in Sources */,
				A6CEDDF82796FFAD008CD0BD /* AppDelegate.swift in Sources */,
				A6CEDDFA2796FFAD008CD0BD /* SceneDelegate.swift in Sources */,
				A6CEDE1427971BEA008CD0BD /* LoadDataViewController.swift in Sources */,
				A6CEDE0E279711B8008CD0BD /* getdata.swift in Sources */,
				A6CEDE1627975FF6008CD0BD /* DetailViewController.swift in Sources */,
			);
			runOnlyForDeploymentPostprocessing = 0;
		};
/* End PBXSourcesBuildPhase section */

/* Begin PBXVariantGroup section */
		A6CEDDFD2796FFAD008CD0BD /* Main.storyboard */ = {
			isa = PBXVariantGroup;
			children = (
				A6CEDDFE2796FFAD008CD0BD /* Base */,
			);
			name = Main.storyboard;
			sourceTree = "<group>";
		};
		A6CEDE022796FFAE008CD0BD /* LaunchScreen.storyboard */ = {
			isa = PBXVariantGroup;
			children = (
				A6CEDE032796FFAE008CD0BD /* Base */,
			);
			name = LaunchScreen.storyboard;
			sourceTree = "<group>";
		};
/* End PBXVariantGroup section */

/* Begin XCBuildConfiguration section */
		A6CEDE062796FFAE008CD0BD /* Debug */ = {
			isa = XCBuildConfiguration;
			buildSettings = {
				ALWAYS_SEARCH_USER_PATHS = NO;
				CLANG_ANALYZER_NONNULL = YES;
				CLANG_ANALYZER_NUMBER_OBJECT_CONVERSION = YES_AGGRESSIVE;
				CLANG_CXX_LANGUAGE_STANDARD = "gnu++17";
				CLANG_CXX_LIBRARY = "libc++";
				CLANG_ENABLE_MODULES = YES;
				CLANG_ENABLE_OBJC_ARC = YES;
				CLANG_ENABLE_OBJC_WEAK = YES;
				CLANG_WARN_BLOCK_CAPTURE_AUTORELEASING = YES;
				CLANG_WARN_BOOL_CONVERSION = YES;
				CLANG_WARN_COMMA = YES;
				CLANG_WARN_CONSTANT_CONVERSION = YES;
				CLANG_WARN_DEPRECATED_OBJC_IMPLEMENTATIONS = YES;
				CLANG_WARN_DIRECT_OBJC_ISA_USAGE = YES_ERROR;
				CLANG_WARN_DOCUMENTATION_COMMENTS = YES;
				CLANG_WARN_EMPTY_BODY = YES;
				CLANG_WARN_ENUM_CONVERSION = YES;
				CLANG_WARN_INFINITE_RECURSION = YES;
				CLANG_WARN_INT_CONVERSION = YES;
				CLANG_WARN_NON_LITERAL_NULL_CONVERSION = YES;
				CLANG_WARN_OBJC_IMPLICIT_RETAIN_SELF = YES;
				CLANG_WARN_OBJC_LITERAL_CONVERSION = YES;
				CLANG_WARN_OBJC_ROOT_CLASS = YES_ERROR;
				CLANG_WARN_QUOTED_INCLUDE_IN_FRAMEWORK_HEADER = YES;
				CLANG_WARN_RANGE_LOOP_ANALYSIS = YES;
				CLANG_WARN_STRICT_PROTOTYPES = YES;
				CLANG_WARN_SUSPICIOUS_MOVE = YES;
				CLANG_WARN_UNGUARDED_AVAILABILITY = YES_AGGRESSIVE;
				CLANG_WARN_UNREACHABLE_CODE = YES;
				CLANG_WARN__DUPLICATE_METHOD_MATCH = YES;
				COPY_PHASE_STRIP = NO;
				DEBUG_INFORMATION_FORMAT = dwarf;
				ENABLE_STRICT_OBJC_MSGSEND = YES;
				ENABLE_TESTABILITY = YES;
				GCC_C_LANGUAGE_STANDARD = gnu11;
				GCC_DYNAMIC_NO_PIC = NO;
				GCC_NO_COMMON_BLOCKS = YES;
				GCC_OPTIMIZATION_LEVEL = 0;
				GCC_PREPROCESSOR_DEFINITIONS = (
					"DEBUG=1",
					"$(inherited)",
				);
				GCC_WARN_64_TO_32_BIT_CONVERSION = YES;
				GCC_WARN_ABOUT_RETURN_TYPE = YES_ERROR;
				GCC_WARN_UNDECLARED_SELECTOR = YES;
				GCC_WARN_UNINITIALIZED_AUTOS = YES_AGGRESSIVE;
				GCC_WARN_UNUSED_FUNCTION = YES;
				GCC_WARN_UNUSED_VARIABLE = YES;
				IPHONEOS_DEPLOYMENT_TARGET = 15.2;
				MTL_ENABLE_DEBUG_INFO = INCLUDE_SOURCE;
				MTL_FAST_MATH = YES;
				ONLY_ACTIVE_ARCH = YES;
				SDKROOT = iphoneos;
				SWIFT_ACTIVE_COMPILATION_CONDITIONS = DEBUG;
				SWIFT_OPTIMIZATION_LEVEL = "-Onone";
			};
			name = Debug;
		};
		A6CEDE072796FFAE008CD0BD /* Release */ = {
			isa = XCBuildConfiguration;
			buildSettings = {
				ALWAYS_SEARCH_USER_PATHS = NO;
				CLANG_ANALYZER_NONNULL = YES;
				CLANG_ANALYZER_NUMBER_OBJECT_CONVERSION = YES_AGGRESSIVE;
				CLANG_CXX_LANGUAGE_STANDARD = "gnu++17";
				CLANG_CXX_LIBRARY = "libc++";
				CLANG_ENABLE_MODULES = YES;
				CLANG_ENABLE_OBJC_ARC = YES;
				CLANG_ENABLE_OBJC_WEAK = YES;
				CLANG_WARN_BLOCK_CAPTURE_AUTORELEASING = YES;
				CLANG_WARN_BOOL_CONVERSION = YES;
				CLANG_WARN_COMMA = YES;
				CLANG_WARN_CONSTANT_CONVERSION = YES;
				CLANG_WARN_DEPRECATED_OBJC_IMPLEMENTATIONS = YES;
				CLANG_WARN_DIRECT_OBJC_ISA_USAGE = YES_ERROR;
				CLANG_WARN_DOCUMENTATION_COMMENTS = YES;
				CLANG_WARN_EMPTY_BODY = YES;
				CLANG_WARN_ENUM_CONVERSION = YES;
				CLANG_WARN_INFINITE_RECURSION = YES;
				CLANG_WARN_INT_CONVERSION = YES;
				CLANG_WARN_NON_LITERAL_NULL_CONVERSION = YES;
				CLANG_WARN_OBJC_IMPLICIT_RETAIN_SELF = YES;
				CLANG_WARN_OBJC_LITERAL_CONVERSION = YES;
				CLANG_WARN_OBJC_ROOT_CLASS = YES_ERROR;
				CLANG_WARN_QUOTED_INCLUDE_IN_FRAMEWORK_HEADER = YES;
				CLANG_WARN_RANGE_LOOP_ANALYSIS = YES;
				CLANG_WARN_STRICT_PROTOTYPES = YES;
				CLANG_WARN_SUSPICIOUS_MOVE = YES;
				CLANG_WARN_UNGUARDED_AVAILABILITY = YES_AGGRESSIVE;
				CLANG_WARN_UNREACHABLE_CODE = YES;
				CLANG_WARN__DUPLICATE_METHOD_MATCH = YES;
				COPY_PHASE_STRIP = NO;
				DEBUG_INFORMATION_FORMAT = "dwarf-with-dsym";
				ENABLE_NS_ASSERTIONS = NO;
				ENABLE_STRICT_OBJC_MSGSEND = YES;
				GCC_C_LANGUAGE_STANDARD = gnu11;
				GCC_NO_COMMON_BLOCKS = YES;
				GCC_WARN_64_TO_32_BIT_CONVERSION = YES;
				GCC_WARN_ABOUT_RETURN_TYPE = YES_ERROR;
				GCC_WARN_UNDECLARED_SELECTOR = YES;
				GCC_WARN_UNINITIALIZED_AUTOS = YES_AGGRESSIVE;
				GCC_WARN_UNUSED_FUNCTION = YES;
				GCC_WARN_UNUSED_VARIABLE = YES;
				IPHONEOS_DEPLOYMENT_TARGET = 15.2;
				MTL_ENABLE_DEBUG_INFO = NO;
				MTL_FAST_MATH = YES;
				SDKROOT = iphoneos;
				SWIFT_COMPILATION_MODE = wholemodule;
				SWIFT_OPTIMIZATION_LEVEL = "-O";
				VALIDATE_PRODUCT = YES;
			};
			name = Release;
		};
		A6CEDE092796FFAE008CD0BD /* Debug */ = {
			isa = XCBuildConfiguration;
			baseConfigurationReference = 6109B4B0289E9E9E6C62C88A /* Pods-FbloggigAccount.debug.xcconfig */;
			buildSettings = {
				ASSETCATALOG_COMPILER_APPICON_NAME = AppIcon;
				ASSETCATALOG_COMPILER_GLOBAL_ACCENT_COLOR_NAME = AccentColor;
				CODE_SIGN_STYLE = Automatic;
				CURRENT_PROJECT_VERSION = 1;
				DEVELOPMENT_TEAM = 89R9K4QY9R;
				GENERATE_INFOPLIST_FILE = YES;
				INFOPLIST_FILE = FbloggigAccount/Info.plist;
				INFOPLIST_KEY_UIApplicationSupportsIndirectInputEvents = YES;
				INFOPLIST_KEY_UILaunchStoryboardName = LaunchScreen;
				INFOPLIST_KEY_UIMainStoryboardFile = Main;
				INFOPLIST_KEY_UISupportedInterfaceOrientations_iPad = "UIInterfaceOrientationPortrait UIInterfaceOrientationPortraitUpsideDown UIInterfaceOrientationLandscapeLeft UIInterfaceOrientationLandscapeRight";
				INFOPLIST_KEY_UISupportedInterfaceOrientations_iPhone = "UIInterfaceOrientationPortrait UIInterfaceOrientationLandscapeLeft UIInterfaceOrientationLandscapeRight";
				LD_RUNPATH_SEARCH_PATHS = (
					"$(inherited)",
					"@executable_path/Frameworks",
				);
				MARKETING_VERSION = 1.0;
				PRODUCT_BUNDLE_IDENTIFIER = com.lvp.FbloggigAccount;
				PRODUCT_NAME = "$(TARGET_NAME)";
				SWIFT_EMIT_LOC_STRINGS = YES;
				SWIFT_VERSION = 5.0;
				TARGETED_DEVICE_FAMILY = "1,2";
			};
			name = Debug;
		};
		A6CEDE0A2796FFAE008CD0BD /* Release */ = {
			isa = XCBuildConfiguration;
			baseConfigurationReference = 8E1FD7F93A23D8266D00DBEB /* Pods-FbloggigAccount.release.xcconfig */;
			buildSettings = {
				ASSETCATALOG_COMPILER_APPICON_NAME = AppIcon;
				ASSETCATALOG_COMPILER_GLOBAL_ACCENT_COLOR_NAME = AccentColor;
				CODE_SIGN_STYLE = Automatic;
				CURRENT_PROJECT_VERSION = 1;
				DEVELOPMENT_TEAM = 89R9K4QY9R;
				GENERATE_INFOPLIST_FILE = YES;
				INFOPLIST_FILE = FbloggigAccount/Info.plist;
				INFOPLIST_KEY_UIApplicationSupportsIndirectInputEvents = YES;
				INFOPLIST_KEY_UILaunchStoryboardName = LaunchScreen;
				INFOPLIST_KEY_UIMainStoryboardFile = Main;
				INFOPLIST_KEY_UISupportedInterfaceOrientations_iPad = "UIInterfaceOrientationPortrait UIInterfaceOrientationPortraitUpsideDown UIInterfaceOrientationLandscapeLeft UIInterfaceOrientationLandscapeRight";
				INFOPLIST_KEY_UISupportedInterfaceOrientations_iPhone = "UIInterfaceOrientationPortrait UIInterfaceOrientationLandscapeLeft UIInterfaceOrientationLandscapeRight";
				LD_RUNPATH_SEARCH_PATHS = (
					"$(inherited)",
					"@executable_path/Frameworks",
				);
				MARKETING_VERSION = 1.0;
				PRODUCT_BUNDLE_IDENTIFIER = com.lvp.FbloggigAccount;
				PRODUCT_NAME = "$(TARGET_NAME)";
				SWIFT_EMIT_LOC_STRINGS = YES;
				SWIFT_VERSION = 5.0;
				TARGETED_DEVICE_FAMILY = "1,2";
			};
			name = Release;
		};
/* End XCBuildConfiguration section */

/* Begin XCConfigurationList section */
		A6CEDDEF2796FFAD008CD0BD /* Build configuration list for PBXProject "FbloggigAccount" */ = {
			isa = XCConfigurationList;
			buildConfigurations = (
				A6CEDE062796FFAE008CD0BD /* Debug */,
				A6CEDE072796FFAE008CD0BD /* Release */,
			);
			defaultConfigurationIsVisible = 0;
			defaultConfigurationName = Release;
		};
		A6CEDE082796FFAE008CD0BD /* Build configuration list for PBXNativeTarget "FbloggigAccount" */ = {
			isa = XCConfigurationList;
			buildConfigurations = (
				A6CEDE092796FFAE008CD0BD /* Debug */,
				A6CEDE0A2796FFAE008CD0BD /* Release */,
			);
			defaultConfigurationIsVisible = 0;
			defaultConfigurationName = Release;
		};
/* End XCConfigurationList section */
	};
	rootObject = A6CEDDEC2796FFAD008CD0BD /* Project object */;
}
